
Microsoft Visual Studio Solution File, Format Version 12.00
# Visual Studio Version 17
VisualStudioVersion = 17.11.35103.136
MinimumVisualStudioVersion = 10.0.40219.1
Project("{2150E333-8FDC-42A3-9474-1A3956D46DE8}") = "src", "src", "{CC37CC18-D5AE-4141-BD0A-EFC2A67E5918}"
EndProject
Project("{9A19103F-16F7-4668-BE54-9A1E7A4F7556}") = "SMAdvancedC#DotNet.RepositoryPattern", "SMAdvancedC#DotNet.RepositoryPattern\SMAdvancedC#DotNet.RepositoryPattern.csproj", "{43648908-FF3A-4C9A-98EE-A8350881D061}"
EndProject
Project("{2150E333-8FDC-42A3-9474-1A3956D46DE8}") = "shared", "shared", "{935FA443-6B00-44FE-8A8D-65EBB0E802C8}"
EndProject
Project("{9A19103F-16F7-4668-BE54-9A1E7A4F7556}") = "SMAdvancedC#DotNet.Database", "SMAdvancedC#DotNet.Database\SMAdvancedC#DotNet.Database.csproj", "{B1B62F5F-BC2B-45DC-843C-F7B14036DE0B}"
EndProject
Project("{9A19103F-16F7-4668-BE54-9A1E7A4F7556}") = "SMAdvancedC#DotNet.Utlis", "SMAdvancedC#DotNet.Utlis\SMAdvancedC#DotNet.Utlis.csproj", "{D6EBA974-35D6-474E-A7C5-C4ADB2D3BFD7}"
EndProject
Project("{9A19103F-16F7-4668-BE54-9A1E7A4F7556}") = "SMAdvancedC#DotNet.GenericRepository", "SMAdvancedC#DotNet.GenericRepository\SMAdvancedC#DotNet.GenericRepository.csproj", "{A76C18D1-9B0B-4463-A1BB-E86F06A24258}"
EndProject
Project("{9A19103F-16F7-4668-BE54-9A1E7A4F7556}") = "SMAdvancedC#DotNet.shared", "SMAdvancedC#DotNet.shared\SMAdvancedC#DotNet.shared.csproj", "{DF25B399-CFAB-4BED-84E9-13CC7F22502A}"
EndProject
Project("{9A19103F-16F7-4668-BE54-9A1E7A4F7556}") = "SMAdvancedC#DotNet.UnitOfWorkPattern", "SMAdvancedC#DotNet.UnitOfWorkPattern\SMAdvancedC#DotNet.UnitOfWorkPattern.csproj", "{A4C3DCE2-96FC-47FE-8DB3-D342081C0823}"
EndProject
Project("{FAE04EC0-301F-11D3-BF4B-00C04F79EFBC}") = "SMAdvancedC#DotNet.BlogMicroservice", "SMAdvancedC#DotNet.BlogMicroservice\SMAdvancedC#DotNet.BlogMicroservice.csproj", "{7788DF68-AE7A-4403-A83C-9DDABC2970C8}"
EndProject
Project("{FAE04EC0-301F-11D3-BF4B-00C04F79EFBC}") = "SMAdvancedC#DotNet.GateWay", "SMAdvancedC#DotNet.GateWay\SMAdvancedC#DotNet.GateWay.csproj", "{236133AD-C170-42CA-8D2E-80938FA69177}"
EndProject
Global
	GlobalSection(SolutionConfigurationPlatforms) = preSolution
		Debug|Any CPU = Debug|Any CPU
		Release|Any CPU = Release|Any CPU
	EndGlobalSection
	GlobalSection(ProjectConfigurationPlatforms) = postSolution
		{43648908-FF3A-4C9A-98EE-A8350881D061}.Debug|Any CPU.ActiveCfg = Debug|Any CPU
		{43648908-FF3A-4C9A-98EE-A8350881D061}.Debug|Any CPU.Build.0 = Debug|Any CPU
		{43648908-FF3A-4C9A-98EE-A8350881D061}.Release|Any CPU.ActiveCfg = Release|Any CPU
		{43648908-FF3A-4C9A-98EE-A8350881D061}.Release|Any CPU.Build.0 = Release|Any CPU
		{B1B62F5F-BC2B-45DC-843C-F7B14036DE0B}.Debug|Any CPU.ActiveCfg = Debug|Any CPU
		{B1B62F5F-BC2B-45DC-843C-F7B14036DE0B}.Debug|Any CPU.Build.0 = Debug|Any CPU
		{B1B62F5F-BC2B-45DC-843C-F7B14036DE0B}.Release|Any CPU.ActiveCfg = Release|Any CPU
		{B1B62F5F-BC2B-45DC-843C-F7B14036DE0B}.Release|Any CPU.Build.0 = Release|Any CPU
		{D6EBA974-35D6-474E-A7C5-C4ADB2D3BFD7}.Debug|Any CPU.ActiveCfg = Debug|Any CPU
		{D6EBA974-35D6-474E-A7C5-C4ADB2D3BFD7}.Debug|Any CPU.Build.0 = Debug|Any CPU
		{D6EBA974-35D6-474E-A7C5-C4ADB2D3BFD7}.Release|Any CPU.ActiveCfg = Release|Any CPU
		{D6EBA974-35D6-474E-A7C5-C4ADB2D3BFD7}.Release|Any CPU.Build.0 = Release|Any CPU
		{A76C18D1-9B0B-4463-A1BB-E86F06A24258}.Debug|Any CPU.ActiveCfg = Debug|Any CPU
		{A76C18D1-9B0B-4463-A1BB-E86F06A24258}.Debug|Any CPU.Build.0 = Debug|Any CPU
		{A76C18D1-9B0B-4463-A1BB-E86F06A24258}.Release|Any CPU.ActiveCfg = Release|Any CPU
		{A76C18D1-9B0B-4463-A1BB-E86F06A24258}.Release|Any CPU.Build.0 = Release|Any CPU
		{DF25B399-CFAB-4BED-84E9-13CC7F22502A}.Debug|Any CPU.ActiveCfg = Debug|Any CPU
		{DF25B399-CFAB-4BED-84E9-13CC7F22502A}.Debug|Any CPU.Build.0 = Debug|Any CPU
		{DF25B399-CFAB-4BED-84E9-13CC7F22502A}.Release|Any CPU.ActiveCfg = Release|Any CPU
		{DF25B399-CFAB-4BED-84E9-13CC7F22502A}.Release|Any CPU.Build.0 = Release|Any CPU
		{A4C3DCE2-96FC-47FE-8DB3-D342081C0823}.Debug|Any CPU.ActiveCfg = Debug|Any CPU
		{A4C3DCE2-96FC-47FE-8DB3-D342081C0823}.Debug|Any CPU.Build.0 = Debug|Any CPU
		{A4C3DCE2-96FC-47FE-8DB3-D342081C0823}.Release|Any CPU.ActiveCfg = Release|Any CPU
		{A4C3DCE2-96FC-47FE-8DB3-D342081C0823}.Release|Any CPU.Build.0 = Release|Any CPU
		{7788DF68-AE7A-4403-A83C-9DDABC2970C8}.Debug|Any CPU.ActiveCfg = Debug|Any CPU
		{7788DF68-AE7A-4403-A83C-9DDABC2970C8}.Debug|Any CPU.Build.0 = Debug|Any CPU
		{7788DF68-AE7A-4403-A83C-9DDABC2970C8}.Release|Any CPU.ActiveCfg = Release|Any CPU
		{7788DF68-AE7A-4403-A83C-9DDABC2970C8}.Release|Any CPU.Build.0 = Release|Any CPU
		{236133AD-C170-42CA-8D2E-80938FA69177}.Debug|Any CPU.ActiveCfg = Debug|Any CPU
		{236133AD-C170-42CA-8D2E-80938FA69177}.Debug|Any CPU.Build.0 = Debug|Any CPU
		{236133AD-C170-42CA-8D2E-80938FA69177}.Release|Any CPU.ActiveCfg = Release|Any CPU
		{236133AD-C170-42CA-8D2E-80938FA69177}.Release|Any CPU.Build.0 = Release|Any CPU
	EndGlobalSection
	GlobalSection(SolutionProperties) = preSolution
		HideSolutionNode = FALSE
	EndGlobalSection
	GlobalSection(NestedProjects) = preSolution
		{43648908-FF3A-4C9A-98EE-A8350881D061} = {CC37CC18-D5AE-4141-BD0A-EFC2A67E5918}
		{B1B62F5F-BC2B-45DC-843C-F7B14036DE0B} = {935FA443-6B00-44FE-8A8D-65EBB0E802C8}
		{D6EBA974-35D6-474E-A7C5-C4ADB2D3BFD7} = {935FA443-6B00-44FE-8A8D-65EBB0E802C8}
		{A76C18D1-9B0B-4463-A1BB-E86F06A24258} = {CC37CC18-D5AE-4141-BD0A-EFC2A67E5918}
		{DF25B399-CFAB-4BED-84E9-13CC7F22502A} = {935FA443-6B00-44FE-8A8D-65EBB0E802C8}
		{A4C3DCE2-96FC-47FE-8DB3-D342081C0823} = {CC37CC18-D5AE-4141-BD0A-EFC2A67E5918}
		{7788DF68-AE7A-4403-A83C-9DDABC2970C8} = {CC37CC18-D5AE-4141-BD0A-EFC2A67E5918}
		{236133AD-C170-42CA-8D2E-80938FA69177} = {CC37CC18-D5AE-4141-BD0A-EFC2A67E5918}
	EndGlobalSection
	GlobalSection(ExtensibilityGlobals) = postSolution
		SolutionGuid = {9BF8811F-8CC8-4666-AF7E-76095E7A6880}
	EndGlobalSection
EndGlobal
